{
  "version": "5",
  "specifiers": {
    "jsr:@cliffy/command@^1.2.1": "1.2.1",
    "jsr:@cliffy/flags@1.2.1": "1.2.1",
    "jsr:@cliffy/internal@1.2.1": "1.2.1",
    "jsr:@cliffy/table@1.2.1": "1.2.1",
    "jsr:@david/jsonc-morph@~0.3.4": "0.3.4",
    "jsr:@deno/deploy@*": "0.0.9904",
    "jsr:@deno/framework-detect@0.3": "0.3.0",
    "jsr:@deno/sandbox@~0.13.2": "0.13.2",
    "jsr:@std/async@^1.5.0": "1.5.0",
    "jsr:@std/cli@1.0.32": "1.0.32",
    "jsr:@std/data-structures@^1.1.1": "1.1.1",
    "jsr:@std/dotenv@~0.225.7": "0.225.7",
    "jsr:@std/encoding@^1.0.11": "1.0.11",
    "jsr:@std/fmt@^1.0.10": "1.0.10",
    "jsr:@std/fs@^1.0.19": "1.0.24",
    "jsr:@std/fs@^1.0.24": "1.0.24",
    "jsr:@std/internal@^1.0.14": "1.0.14",
    "jsr:@std/json@^1.0.2": "1.0.2",
    "jsr:@std/jsonc@^1.0.2": "1.0.2",
    "jsr:@std/path@^1.1.2": "1.1.6",
    "jsr:@std/path@^1.1.5": "1.1.6",
    "jsr:@std/path@^1.1.6": "1.1.6",
    "jsr:@std/semver@^1.0.8": "1.0.8",
    "jsr:@std/streams@^1.0.17": "1.1.1",
    "jsr:@std/tar@~0.1.10": "0.1.10",
    "jsr:@std/text@^1.0.19": "1.0.19"
  },
  "jsr": {
    "@cliffy/command@1.2.1": {
      "integrity": "b7b017c81560d96580ea810c8564566884d8194416f6fc06bfdc8846e8fd590f",
      "dependencies": [
        "jsr:@cliffy/flags",
        "jsr:@cliffy/internal",
        "jsr:@cliffy/table",
        "jsr:@std/fmt",
        "jsr:@std/text"
      ]
    },
    "@cliffy/flags@1.2.1": {
      "integrity": "10034920ef7595db586fecec5a3b10a4ec800c513cbbc368414cd748dac706fb",
      "dependencies": [
        "jsr:@cliffy/internal",
        "jsr:@std/text"
      ]
    },
    "@cliffy/internal@1.2.1": {
      "integrity": "e398f41c6839d3d4d249c963bfcb1058013091425926d53a3cb482b1ca70684b"
    },
    "@cliffy/table@1.2.1": {
      "integrity": "be333e62f2c754f8bf75a38c8177515b152040572c9f75298e9bcef1314b82ff",
      "dependencies": [
        "jsr:@std/fmt"
      ]
    },
    "@david/jsonc-morph@0.3.4": {
      "integrity": "a4af7c80b3c233d3856da1e9f2009d251867bee351fea016b22b67d6291c3455"
    },
    "@deno/deploy@0.0.9904": {
      "integrity": "e75ce4d8f3f38b9a93ab0814bd4fcb4e33752245d5fbcbc95b7872082d552aa3",
      "dependencies": [
        "jsr:@cliffy/command",
        "jsr:@david/jsonc-morph",
        "jsr:@deno/framework-detect",
        "jsr:@deno/sandbox",
        "jsr:@std/async",
        "jsr:@std/cli",
        "jsr:@std/dotenv",
        "jsr:@std/encoding",
        "jsr:@std/fmt",
        "jsr:@std/fs@^1.0.24",
        "jsr:@std/path@^1.1.6",
        "jsr:@std/semver",
        "jsr:@std/tar"
      ]
    },
    "@deno/framework-detect@0.3.0": {
      "integrity": "95aac5d8366e4b007f52adc576e6e3a2abece053f18a7dcb2826ed610c25cb3b",
      "dependencies": [
        "jsr:@std/jsonc",
        "jsr:@std/path@^1.1.2"
      ]
    },
    "@deno/sandbox@0.13.2": {
      "integrity": "c24c7eb9cc00b94954ebffb4ee4f685ef731e6026788044f9eb8a1aa9bfc2cd8",
      "dependencies": [
        "jsr:@std/fs@^1.0.19",
        "jsr:@std/path@^1.1.2"
      ]
    },
    "@std/async@1.5.0": {
      "integrity": "4c1f22d287a17ad7d8643b1952bc5a4d21e5d8b68dc8c20d8268eecc69096e82",
      "dependencies": [
        "jsr:@std/data-structures"
      ]
    },
    "@std/cli@1.0.32": {
      "integrity": "188b3a100d6202d64e3f5bd3d799c7fa4f6d77f92cc65eb7f641c1fa0aa92a66",
      "dependencies": [
        "jsr:@std/fmt"
      ]
    },
    "@std/data-structures@1.1.1": {
      "integrity": "7e1fcf19771fb9c6dbcd7f65039d6d42ef8dc023cfbc0c4cdc74b24e09229380"
    },
    "@std/dotenv@0.225.7": {
      "integrity": "11d8db03ca4ad5aba9eba809f2e8058b2a4f320b7b09fea4b360e162928329e3"
    },
    "@std/encoding@1.0.11": {
      "integrity": "e7cef2f0b3153bccc17431e7c864a1de03a4b6d9647389c43e08aaa775d37385"
    },
    "@std/fmt@1.0.10": {
      "integrity": "90dfba288802ac6de82fb31d0917eb9e4450b9925b954d5e51fc29ac07419db5"
    },
    "@std/fs@1.0.24": {
      "integrity": "f3061b45b81673a2bece689da041df32d174be064c89eb6397fb5718d3fb7877",
      "dependencies": [
        "jsr:@std/internal",
        "jsr:@std/path@^1.1.5"
      ]
    },
    "@std/internal@1.0.14": {
      "integrity": "291516b3d4c35024d6ffbc0a9df5bf4c64116e05b50012cf846710152d2ffdf7"
    },
    "@std/json@1.0.2": {
      "integrity": "d9e5497801c15fb679f55a2c01c7794ad7a5dfda4dd1bebab5e409cb5e0d34d4"
    },
    "@std/jsonc@1.0.2": {
      "integrity": "909605dae3af22bd75b1cbda8d64a32cf1fd2cf6efa3f9e224aba6d22c0f44c7",
      "dependencies": [
        "jsr:@std/json"
      ]
    },
    "@std/path@1.1.6": {
      "integrity": "c68485c2a4dfbb5ae3cc74fae4e8c4e5d874cf8a8ed12927917235c758b46cbe",
      "dependencies": [
        "jsr:@std/internal"
      ]
    },
    "@std/semver@1.0.8": {
      "integrity": "dc830e8b8b6a380c895d53fbfd1258dc253704ca57bbe1629ac65fd7830179b7"
    },
    "@std/streams@1.1.1": {
      "integrity": "92556d350e537e9dce527a6d08f6f15be3ff65e656079dea69d15252187c7613"
    },
    "@std/tar@0.1.10": {
      "integrity": "6bf907f3a4bc8bfef42973ba132d946756a6161ef6b914a9e1c06debe664db17",
      "dependencies": [
        "jsr:@std/streams"
      ]
    },
    "@std/text@1.0.19": {
      "integrity": "003a0e032d360e8c3a4e0410fb792c77a66bd6553fee9d60c6ec1bce30d29223"
    }
  },
  "workspace": {
    "packageJson": {
      "dependencies": [
        "npm:@eslint/js@10.0.1",
        "npm:@playwright/test@1.62.1",
        "npm:@types/node@24.13.3",
        "npm:@types/react-dom@19.2.4",
        "npm:@types/react@19.2.18",
        "npm:@vitest/coverage-v8@4.1.10",
        "npm:concurrently@10.0.4",
        "npm:eslint@10.8.0",
        "npm:fast-check@4.9.0",
        "npm:prettier@3.9.6",
        "npm:tsup@8.5.1",
        "npm:tsx@4.23.2",
        "npm:typescript-eslint@8.65.0",
        "npm:typescript@6.0.3",
        "npm:vitest@4.1.10"
      ]
    }
  }
}
